# This file is automatically @generated by Cargo.
# It is not intended for manual editing.
version = 4

[[package]]
name = "wellfriend-perception-core"
version = "0.1.0"

[[package]]
name = "wellfriend-perception-image"
version = "0.1.0"
dependencies = [
 "wellfriend-perception-core",
]

[[package]]
name = "wellfriend-perception-intelligence"
version = "0.1.0"
dependencies = [
 "wellfriend-perception-core",
 "wellfriend-perception-image",
]

[[package]]
name = "wellfriend-perception-reconstruction"
version = "0.1.0"
dependencies = [
 "wellfriend-perception-core",
 "wellfriend-perception-image",
 "wellfriend-perception-intelligence",
]

[[package]]
name = "wellfriend-perception-restoration"
version = "0.1.0"
dependencies = [
 "wellfriend-perception-core",
 "wellfriend-perception-image",
 "wellfriend-perception-intelligence",
 "wellfriend-perception-reconstruction",
]
